
Microsoft Visual Studio Solution File, Format Version 12.00
# Visual Studio Version 17
VisualStudioVersion = 17.14.36414.22 d17.14
MinimumVisualStudioVersion = 10.0.40219.1
Project("{FAE04EC0-301F-11D3-BF4B-00C04F79EFBC}") = "backend-api-luanvan", "backend-api-luanvan\backend-api-luanvan.csproj", "{742AF1E0-C0C1-431D-8EE8-E4246A615FF9}"
EndProject
Global
	GlobalSection(SolutionConfigurationPlatforms) = preSolution
		Debug|Any CPU = Debug|Any CPU
		Release|Any CPU = Release|Any CPU
	EndGlobalSection
	GlobalSection(ProjectConfigurationPlatforms) = postSolution
		{742AF1E0-C0C1-431D-8EE8-E4246A615FF9}.Debug|Any CPU.ActiveCfg = Debug|Any CPU
		{742AF1E0-C0C1-431D-8EE8-E4246A615FF9}.Debug|Any CPU.Build.0 = Debug|Any CPU
		{742AF1E0-C0C1-431D-8EE8-E4246A615FF9}.Release|Any CPU.ActiveCfg = Release|Any CPU
		{742AF1E0-C0C1-431D-8EE8-E4246A615FF9}.Release|Any CPU.Build.0 = Release|Any CPU
	EndGlobalSection
	GlobalSection(SolutionProperties) = preSolution
		HideSolutionNode = FALSE
	EndGlobalSection
	GlobalSection(ExtensibilityGlobals) = postSolution
		SolutionGuid = {FD19F5F0-AC87-40B8-84BF-5ECD8932AF5C}
	EndGlobalSection
EndGlobal
